
Microsoft Visual Studio Solution File, Format Version 12.00
# Visual Studio Version 17
VisualStudioVersion = 17.10.34928.147
MinimumVisualStudioVersion = 10.0.40219.1
Project("{9A19103F-16F7-4668-BE54-9A1E7A4F7556}") = "BlazorEshop.Server", "BlazorEshop.Server\BlazorEshop.Server.csproj", "{28DA75A4-33C1-48FD-B16C-7F211F832131}"
EndProject
Project("{9A19103F-16F7-4668-BE54-9A1E7A4F7556}") = "BlazorEshop.Shared", "BlazorEshop.Shared\BlazorEshop.Shared.csproj", "{9A7AB395-9D86-4287-BACC-F7CD758E8F11}"
EndProject
Project("{9A19103F-16F7-4668-BE54-9A1E7A4F7556}") = "BlazorEshop.Client", "BlazorEshop.Client\BlazorEshop.Client.csproj", "{754E0AC1-E959-43C4-A8DB-3BAA413EB6EA}"
EndProject
Global
	GlobalSection(SolutionConfigurationPlatforms) = preSolution
		Debug|Any CPU = Debug|Any CPU
		Release|Any CPU = Release|Any CPU
	EndGlobalSection
	GlobalSection(ProjectConfigurationPlatforms) = postSolution
		{28DA75A4-33C1-48FD-B16C-7F211F832131}.Debug|Any CPU.ActiveCfg = Debug|Any CPU
		{28DA75A4-33C1-48FD-B16C-7F211F832131}.Debug|Any CPU.Build.0 = Debug|Any CPU
		{28DA75A4-33C1-48FD-B16C-7F211F832131}.Release|Any CPU.ActiveCfg = Release|Any CPU
		{28DA75A4-33C1-48FD-B16C-7F211F832131}.Release|Any CPU.Build.0 = Release|Any CPU
		{9A7AB395-9D86-4287-BACC-F7CD758E8F11}.Debug|Any CPU.ActiveCfg = Debug|Any CPU
		{9A7AB395-9D86-4287-BACC-F7CD758E8F11}.Debug|Any CPU.Build.0 = Debug|Any CPU
		{9A7AB395-9D86-4287-BACC-F7CD758E8F11}.Release|Any CPU.ActiveCfg = Release|Any CPU
		{9A7AB395-9D86-4287-BACC-F7CD758E8F11}.Release|Any CPU.Build.0 = Release|Any CPU
		{754E0AC1-E959-43C4-A8DB-3BAA413EB6EA}.Debug|Any CPU.ActiveCfg = Debug|Any CPU
		{754E0AC1-E959-43C4-A8DB-3BAA413EB6EA}.Debug|Any CPU.Build.0 = Debug|Any CPU
		{754E0AC1-E959-43C4-A8DB-3BAA413EB6EA}.Release|Any CPU.ActiveCfg = Release|Any CPU
		{754E0AC1-E959-43C4-A8DB-3BAA413EB6EA}.Release|Any CPU.Build.0 = Release|Any CPU
	EndGlobalSection
	GlobalSection(SolutionProperties) = preSolution
		HideSolutionNode = FALSE
	EndGlobalSection
	GlobalSection(ExtensibilityGlobals) = postSolution
		SolutionGuid = {824A4EE9-AD2D-49DD-80D2-5D845487C999}
	EndGlobalSection
EndGlobal
